// !$*UTF8*$!
{
	archiveVersion = 1;
	classes = {
	};
	objectVersion = 63;
	objects = {

/* Begin PBXBuildFile section */
		009F5CBE0AF71AEB7D67AAEE /* StoreKitManagerTests.swift in Sources */ = {isa = PBXBuildFile; fileRef = 041827A4DAAFA0D3DA7A3A3E /* StoreKitManagerTests.swift */; };
		064212D9FE04E002AB5E489D /* SettingsView.swift in Sources */ = {isa = PBXBuildFile; fileRef = 26317223248F15F1944A9F46 /* SettingsView.swift */; };
		064325306AFC2BC6C775B2D8 /* UIAppearance.swift in Sources */ = {isa = PBXBuildFile; fileRef = 24E831A7B1026BCAE595DEB3 /* UIAppearance.swift */; };
		06E0F03F5A979515505678AE /* OpenAIConsentDialog.swift in Sources */ = {isa = PBXBuildFile; fileRef = D540B6196483AB6491AA0A4A /* OpenAIConsentDialog.swift */; };
		0A3AE39CF26094C4F7F31552 /* Secrets.swift in Sources */ = {isa = PBXBuildFile; fileRef = 05407F2E4B1432EA5F70A623 /* Secrets.swift */; };
		0B13F2E963FF7D25BF9341CA /* TimerCenterTests.swift in Sources */ = {isa = PBXBuildFile; fileRef = 4D7EDB047334A2D67F7492CC /* TimerCenterTests.swift */; };
		0B84752B5F9DCFBA11FF2F26 /* SignUpView.swift in Sources */ = {isa = PBXBuildFile; fileRef = F5C4F2055099FDED27B71EBC /* SignUpView.swift */; };
		0F6BD3675993127A716D2DD8 /* DietarySettingsView.swift in Sources */ = {isa = PBXBuildFile; fileRef = 92DE198B243F082E04F8061A /* DietarySettingsView.swift */; };
		138687AB9FE7D960B030AE5E /* SubscriptionFlowIntegrationTests.swift in Sources */ = {isa = PBXBuildFile; fileRef = 0451F1C92A23B33ACA310B10 /* SubscriptionFlowIntegrationTests.swift */; };
		1576FE5B2BFC2DB188839401 /* PrivacyPolicyView.swift in Sources */ = {isa = PBXBuildFile; fileRef = 835485D32390CCDE8D0E21E5 /* PrivacyPolicyView.swift */; };
		1B480D6E2CFCC4B622EA5A3C /* RatingsClientTests.swift in Sources */ = {isa = PBXBuildFile; fileRef = 35087D174F4743853D95CE96 /* RatingsClientTests.swift */; };
		1B966F3BFA8F9A1496EC839B /* ChatView.swift in Sources */ = {isa = PBXBuildFile; fileRef = AE78D545F2774E763E6161F4 /* ChatView.swift */; };
		1BE1A83CC516A86B8C327BF3 /* MenuManagementIntegrationTests.swift in Sources */ = {isa = PBXBuildFile; fileRef = A2EEF095D75093B2D328A817 /* MenuManagementIntegrationTests.swift */; };
		1BE78541CFC8463261323B44 /* SubscriptionsClient.swift in Sources */ = {isa = PBXBuildFile; fileRef = 5BCF3028BA669F66F436450C /* SubscriptionsClient.swift */; };
		260C6211C9EBA6C621E6EA5C /* MockSupabaseResponses.swift in Sources */ = {isa = PBXBuildFile; fileRef = 9F4BBA2509D4205F615D2389 /* MockSupabaseResponses.swift */; };
		2D7D9BA5B7418663E41A578C /* ShoppingListManagerTests.swift in Sources */ = {isa = PBXBuildFile; fileRef = 6EDB6B3A12DFC71D7A4F9185 /* ShoppingListManagerTests.swift */; };
		2E5EA73C7B9925862A41AFE3 /* ReportSystemViews.swift in Sources */ = {isa = PBXBuildFile; fileRef = 46C44E9EE08E371318175F42 /* ReportSystemViews.swift */; };
		315BFED8453D8F82AC7A274B /* RecipePlan.swift in Sources */ = {isa = PBXBuildFile; fileRef = 03D43DECD96C09C92E0F256F /* RecipePlan.swift */; };
		343CCF7B6DA0964871D87B7A /* Logger.swift in Sources */ = {isa = PBXBuildFile; fileRef = FFD0B42FC2F1FB98BC6CC86F /* Logger.swift */; };
		34E8505B050E67E121965039 /* ManualRecipeBuilderView.swift in Sources */ = {isa = PBXBuildFile; fileRef = D77AED64D568CB376372637F /* ManualRecipeBuilderView.swift */; };
		3EA94171A5AB0A2620DC193A /* RecipeCompletionView.swift in Sources */ = {isa = PBXBuildFile; fileRef = 1497DA3E83CCF53D37AD7624 /* RecipeCompletionView.swift */; };
		411070A7F64F24545ECD2240 /* MockURLProtocol.swift in Sources */ = {isa = PBXBuildFile; fileRef = 51332C2C5A0C81681930CB91 /* MockURLProtocol.swift */; };
		44529BFC2C79DD07CC204031 /* TimerCenter.swift in Sources */ = {isa = PBXBuildFile; fileRef = 3F507943A1CBD339AE23C041 /* TimerCenter.swift */; };
		4C3CED17610A1D45C7A844F7 /* BackendClient.swift in Sources */ = {isa = PBXBuildFile; fileRef = DF262E16254E15667802A85D /* BackendClient.swift */; };
		57BBA4C3EC5DE8BAE972E286 /* TermsOfServiceView.swift in Sources */ = {isa = PBXBuildFile; fileRef = FCF1AFB82F4D6DC0FBEADEC2 /* TermsOfServiceView.swift */; };
		59E6066EEE66DB8FBA7CB2EB /* RecipesView.swift in Sources */ = {isa = PBXBuildFile; fileRef = 0F3487977213951EF85063B8 /* RecipesView.swift */; };
		5FCBB858C3B0036C902DD553 /* BackendClientTests.swift in Sources */ = {isa = PBXBuildFile; fileRef = 42169ED425055D7B0C7DCC4A /* BackendClientTests.swift */; };
		5FD812EE46ECE2BE17354F27 /* LikedRecipesManager.swift in Sources */ = {isa = PBXBuildFile; fileRef = 21C38F108F9C7302B0520E12 /* LikedRecipesManager.swift */; };
		6221EB728B71FEA91A8A9FA3 /* ImprintView.swift in Sources */ = {isa = PBXBuildFile; fileRef = 682480BA01AEC9380FF0F4A6 /* ImprintView.swift */; };
		67C6FC4503666CF9204FCF29 /* CommunityUploadSheet.swift in Sources */ = {isa = PBXBuildFile; fileRef = 92B1BCA2734FC21410A3C558 /* CommunityUploadSheet.swift */; };
		68A557E092B0BAF92381F2A1 /* TermsContent_EN.swift in Sources */ = {isa = PBXBuildFile; fileRef = 61131757BC709F355AD8060B /* TermsContent_EN.swift */; };
		698E6E5CE8EF57785CECD456 /* ShoppingListExtended.swift in Sources */ = {isa = PBXBuildFile; fileRef = 728DA3A6CF6CD4E107415450 /* ShoppingListExtended.swift */; };
		69B182E0D394A43DA6565410 /* DietaryPreferences.swift in Sources */ = {isa = PBXBuildFile; fileRef = 3C5E4EE6A762DDA8E67A951C /* DietaryPreferences.swift */; };
		6A50B168C41AFFF6FADFAFD7 /* FairUseView.swift in Sources */ = {isa = PBXBuildFile; fileRef = BE0F947BFCEA08029A50CFC7 /* FairUseView.swift */; };
		6B3CDD8F380E7E04543F3E08 /* LocalizationManager.swift in Sources */ = {isa = PBXBuildFile; fileRef = EA9B43DCE8036D599CB6941E /* LocalizationManager.swift */; };
		6B7DA5BACF64F64655483583 /* SignInView.swift in Sources */ = {isa = PBXBuildFile; fileRef = A21805E7372B2AE70242BE0B /* SignInView.swift */; };
		70F17A107ADAFC9D0D2D055E /* App.swift in Sources */ = {isa = PBXBuildFile; fileRef = 919E865BA11391F1736AD81A /* App.swift */; };
		75BB4C9CB7F221549C30CD38 /* ChatMessage.swift in Sources */ = {isa = PBXBuildFile; fileRef = 38FC9C621974BD22ECB3E30C /* ChatMessage.swift */; };
		77EF0CE4FD311108E3379B9D /* ShareSheet.swift in Sources */ = {isa = PBXBuildFile; fileRef = 13C7C61B04ADFA92C3C27DA5 /* ShareSheet.swift */; };
		7B8C4F644351423A14A74554 /* Assets.xcassets in Resources */ = {isa = PBXBuildFile; fileRef = 31B6CABC570BB62BC4321C79 /* Assets.xcassets */; };
		7F64BF27401D2DA383E033D6 /* ShoppingList.swift in Sources */ = {isa = PBXBuildFile; fileRef = DD51D9C2949825F126779695 /* ShoppingList.swift */; };
		80FDED29CD5AB53973129C49 /* AppStateTests.swift in Sources */ = {isa = PBXBuildFile; fileRef = 87ADFE33C58FEF2A524B9C04 /* AppStateTests.swift */; };
		8411A4000EDCED30DC9B7C8D /* BackendOpenAIClient.swift in Sources */ = {isa = PBXBuildFile; fileRef = 4F725A9BFAB698230A7C8BF7 /* BackendOpenAIClient.swift */; };
		85B2622F866B818B1CD96BE4 /* Recipe.swift in Sources */ = {isa = PBXBuildFile; fileRef = 5DC6727FAEE7015C38557317 /* Recipe.swift */; };
		85D6C5963BE88397721555E0 /* SubscriptionTests.swift in Sources */ = {isa = PBXBuildFile; fileRef = 2985EDED3592461554F441CD /* SubscriptionTests.swift */; };
		87AA84491856EA9895171924 /* RecipeResultView.swift in Sources */ = {isa = PBXBuildFile; fileRef = 0D90D4F59064989AF68E0CCD /* RecipeResultView.swift */; };
		88D188939F39E6A9ACB67617 /* AuthFlowIntegrationTests.swift in Sources */ = {isa = PBXBuildFile; fileRef = 8713B1B7801ECCD51E0BE900 /* AuthFlowIntegrationTests.swift */; };
		8E98AFCD0C42ACBAA4332478 /* Sentry in Frameworks */ = {isa = PBXBuildFile; productRef = EBA0CC23381C951E84A992D3 /* Sentry */; };
		9065DC7E189BE3F70EF0F79B /* AnalyticsManagerTests.swift in Sources */ = {isa = PBXBuildFile; fileRef = 188555D9BE64E850BEE67F00 /* AnalyticsManagerTests.swift */; };
		93741DFD3E1CF954D0FD90F9 /* Config.swift in Sources */ = {isa = PBXBuildFile; fileRef = 7D693ECE8B7A5A10EB84E9E8 /* Config.swift */; };
		99F511B71E6D52861B66D82B /* ShoppingListManager.swift in Sources */ = {isa = PBXBuildFile; fileRef = 42607E7C104A55A968061A45 /* ShoppingListManager.swift */; };
		9B7CBB45C82AABE831AC1838 /* RecipeCreatorView.swift in Sources */ = {isa = PBXBuildFile; fileRef = 1AE18E2F63067CE6BA3CB289 /* RecipeCreatorView.swift */; };
		9DD95003F54A6FF116ACACA4 /* SupabaseAuthClientTests.swift in Sources */ = {isa = PBXBuildFile; fileRef = 41612AD3F4BBB5C3EEDE0A28 /* SupabaseAuthClientTests.swift */; };
		A5606507852FC4E19C2DAE5E /* String+Validation.swift in Sources */ = {isa = PBXBuildFile; fileRef = D4F8960B0FF5281ECE12C22E /* String+Validation.swift */; };
		A87DEB86EF1AB56F87377362 /* RecipeDetailView.swift in Sources */ = {isa = PBXBuildFile; fileRef = FD97221B4FA2497E34222673 /* RecipeDetailView.swift */; };
		ABF9438D01967639E9300DA0 /* LaunchScreen.storyboard in Resources */ = {isa = PBXBuildFile; fileRef = EAE72EEFB2F938867B00A5D1 /* LaunchScreen.storyboard */; };
		B12F8CDE1CC6059319E84989 /* LikedRecipesManagerTests.swift in Sources */ = {isa = PBXBuildFile; fileRef = F366107B89FBDAB81E0E6667 /* LikedRecipesManagerTests.swift */; };
		B325A2932815BE02546AE3F6 /* UserPreferencesClient.swift in Sources */ = {isa = PBXBuildFile; fileRef = 9A7DC09C3D7565C453EC5277 /* UserPreferencesClient.swift */; };
		B74612E22263F9B53F9A7E78 /* SupabaseAuthClient.swift in Sources */ = {isa = PBXBuildFile; fileRef = 8D9C8E97CEA997977B04DFDC /* SupabaseAuthClient.swift */; };
		B7F7142CE863BED29C2914A7 /* AppState.swift in Sources */ = {isa = PBXBuildFile; fileRef = 99C4F8F3DE07184AAFB7382E /* AppState.swift */; };
		BCCE65B26AF0840BE3CACBEE /* StringValidationTests.swift in Sources */ = {isa = PBXBuildFile; fileRef = 2EF4F84771B3193FD68A9F08 /* StringValidationTests.swift */; };
		BFBFB53A2EC9323E00300125 /* es.json in Resources */ = {isa = PBXBuildFile; fileRef = BFBFB5372EC9323E00300125 /* es.json */; };
		BFBFB53B2EC9323E00300125 /* fr.json in Resources */ = {isa = PBXBuildFile; fileRef = BFBFB5382EC9323E00300125 /* fr.json */; };
		BFBFB53C2EC9323E00300125 /* en.json in Resources */ = {isa = PBXBuildFile; fileRef = BFBFB5362EC9323E00300125 /* en.json */; };
		BFBFB53D2EC9323E00300125 /* de.json in Resources */ = {isa = PBXBuildFile; fileRef = BFBFB5352EC9323E00300125 /* de.json */; };
		BFBFB53E2EC9323E00300125 /* it.json in Resources */ = {isa = PBXBuildFile; fileRef = BFBFB5392EC9323E00300125 /* it.json */; };
		BFBFB5452EC9327A00300125 /* backend.cer in Resources */ = {isa = PBXBuildFile; fileRef = BFBFB5432EC9327A00300125 /* backend.cer */; };
		BFBFB5462EC9327A00300125 /* supabase.cer in Resources */ = {isa = PBXBuildFile; fileRef = BFBFB5442EC9327A00300125 /* supabase.cer */; };
		BFBFB5482EC93D4F00300125 /* StoreKit.storekit in Resources */ = {isa = PBXBuildFile; fileRef = BFBFB5472EC93D4F00300125 /* StoreKit.storekit */; };
		C03A9DCD41BA6156094F3F11 /* AnalyticsManager.swift in Sources */ = {isa = PBXBuildFile; fileRef = 9CF6FA0F10E39BFDD46C6CF5 /* AnalyticsManager.swift */; };
		C5DA197679F432B7B8AE0B08 /* OpenAIClientTests.swift in Sources */ = {isa = PBXBuildFile; fileRef = 7E3211EFE8C499247FFEE1F8 /* OpenAIClientTests.swift */; };
		C894F8BE2A01318D4694C497 /* RatingsClient.swift in Sources */ = {isa = PBXBuildFile; fileRef = B5AB35019F11A4B305D520B8 /* RatingsClient.swift */; };
		C8EC7A8151636A78736D99C3 /* JailbreakDetector.swift in Sources */ = {isa = PBXBuildFile; fileRef = 72481376FDFA2972F2263952 /* JailbreakDetector.swift */; };
		CB709F7443BF09398A478807 /* StoreKitManager.swift in Sources */ = {isa = PBXBuildFile; fileRef = 40267FFC7AC70239FE17E29F /* StoreKitManager.swift */; };
		CCF06F0CF4CF8ABB9F95A2B9 /* GenerateView.swift in Sources */ = {isa = PBXBuildFile; fileRef = 5E612F55378DF20EE8ED1411 /* GenerateView.swift */; };
		CD140CD448C33A2833376F0E /* RootView.swift in Sources */ = {isa = PBXBuildFile; fileRef = 5C89A4E2F2243029CF62C806 /* RootView.swift */; };
		D0035064EDF6474FEC4D79B4 /* SecureURLSession.swift in Sources */ = {isa = PBXBuildFile; fileRef = C6374362E3A330D0BA9829E2 /* SecureURLSession.swift */; };
		D3490E7919F9989F03AD8FDD /* FeatureAccess.swift in Sources */ = {isa = PBXBuildFile; fileRef = 69F58D455277DDC344236C91 /* FeatureAccess.swift */; };
		DCC426E9353E48E235BF0096 /* AuthView.swift in Sources */ = {isa = PBXBuildFile; fileRef = AEFC116B45F42B7AC65DE574 /* AuthView.swift */; };
		DD49AB573EC1DDEA2EE7D149 /* Menu.swift in Sources */ = {isa = PBXBuildFile; fileRef = 52C57269C0CC78F6FB79959D /* Menu.swift */; };
		E135331E3B1A00CC42328EA7 /* UserPreferencesClientTests.swift in Sources */ = {isa = PBXBuildFile; fileRef = 05B20B80B2F15E59F18F6667 /* UserPreferencesClientTests.swift */; };
		E6BC334F764E879CE0F31A90 /* SubscriptionsClientTests.swift in Sources */ = {isa = PBXBuildFile; fileRef = 52E07267E0858383C5231893 /* SubscriptionsClientTests.swift */; };
		E9024322447EF2B8086445F5 /* ShoppingListView.swift in Sources */ = {isa = PBXBuildFile; fileRef = AE9CBB4591C8A19859D11DBE /* ShoppingListView.swift */; };
		E9A27A948CF2AE019F73144D /* LocalizationManagerTests.swift in Sources */ = {isa = PBXBuildFile; fileRef = 7675AB2EAF24B0AEC5A02AED /* LocalizationManagerTests.swift */; };
		F02FDD1C624470B95790160F /* OnboardingView.swift in Sources */ = {isa = PBXBuildFile; fileRef = C0AF1DC9CC8ED07B4C5A8915 /* OnboardingView.swift */; };
		FEC6CC21CDE44482D442F073 /* PaywallView.swift in Sources */ = {isa = PBXBuildFile; fileRef = 7BCF3CADE470585536DC39E5 /* PaywallView.swift */; };
		FEFFEAEA8B96327DDA8F7462 /* View+RoundedCorners.swift in Sources */ = {isa = PBXBuildFile; fileRef = 845FFFA8D16431609BA3F692 /* View+RoundedCorners.swift */; };
		FFF8F29956D8F6369821BC24 /* KeychainManagerTests.swift in Sources */ = {isa = PBXBuildFile; fileRef = 174E397B5850F0459C63D384 /* KeychainManagerTests.swift */; };
/* End PBXBuildFile section */

/* Begin PBXContainerItemProxy section */
		D1F1080903EA3CF2876F2267 /* PBXContainerItemProxy */ = {
			isa = PBXContainerItemProxy;
			containerPortal = 4DF7A8FB47235C9D8D37D68C /* Project object */;
			proxyType = 1;
			remoteGlobalIDString = FFADC5FD5D5C094834C6F95E;
			remoteInfo = CulinaChef;
		};
/* End PBXContainerItemProxy section */

/* Begin PBXFileReference section */
		03D43DECD96C09C92E0F256F /* RecipePlan.swift */ = {isa = PBXFileReference; lastKnownFileType = sourcecode.swift; path = RecipePlan.swift; sourceTree = "<group>"; };
		041827A4DAAFA0D3DA7A3A3E /* StoreKitManagerTests.swift */ = {isa = PBXFileReference; lastKnownFileType = sourcecode.swift; path = StoreKitManagerTests.swift; sourceTree = "<group>"; };
		0451F1C92A23B33ACA310B10 /* SubscriptionFlowIntegrationTests.swift */ = {isa = PBXFileReference; lastKnownFileType = sourcecode.swift; path = SubscriptionFlowIntegrationTests.swift; sourceTree = "<group>"; };
		05407F2E4B1432EA5F70A623 /* Secrets.swift */ = {isa = PBXFileReference; lastKnownFileType = sourcecode.swift; path = Secrets.swift; sourceTree = "<group>"; };
		05B20B80B2F15E59F18F6667 /* UserPreferencesClientTests.swift */ = {isa = PBXFileReference; lastKnownFileType = sourcecode.swift; path = UserPreferencesClientTests.swift; sourceTree = "<group>"; };
		0D90D4F59064989AF68E0CCD /* RecipeResultView.swift */ = {isa = PBXFileReference; lastKnownFileType = sourcecode.swift; path = RecipeResultView.swift; sourceTree = "<group>"; };
		0F3487977213951EF85063B8 /* RecipesView.swift */ = {isa = PBXFileReference; lastKnownFileType = sourcecode.swift; path = RecipesView.swift; sourceTree = "<group>"; };
		13C7C61B04ADFA92C3C27DA5 /* ShareSheet.swift */ = {isa = PBXFileReference; lastKnownFileType = sourcecode.swift; path = ShareSheet.swift; sourceTree = "<group>"; };
		1497DA3E83CCF53D37AD7624 /* RecipeCompletionView.swift */ = {isa = PBXFileReference; lastKnownFileType = sourcecode.swift; path = RecipeCompletionView.swift; sourceTree = "<group>"; };
		174E397B5850F0459C63D384 /* KeychainManagerTests.swift */ = {isa = PBXFileReference; lastKnownFileType = sourcecode.swift; path = KeychainManagerTests.swift; sourceTree = "<group>"; };
		188555D9BE64E850BEE67F00 /* AnalyticsManagerTests.swift */ = {isa = PBXFileReference; lastKnownFileType = sourcecode.swift; path = AnalyticsManagerTests.swift; sourceTree = "<group>"; };
		1AE18E2F63067CE6BA3CB289 /* RecipeCreatorView.swift */ = {isa = PBXFileReference; lastKnownFileType = sourcecode.swift; path = RecipeCreatorView.swift; sourceTree = "<group>"; };
		21B76FF23B7C59DF68BE67EA /* CulinaChef.app */ = {isa = PBXFileReference; explicitFileType = wrapper.application; includeInIndex = 0; path = CulinaChef.app; sourceTree = BUILT_PRODUCTS_DIR; };
		21C38F108F9C7302B0520E12 /* LikedRecipesManager.swift */ = {isa = PBXFileReference; lastKnownFileType = sourcecode.swift; path = LikedRecipesManager.swift; sourceTree = "<group>"; };
		24E831A7B1026BCAE595DEB3 /* UIAppearance.swift */ = {isa = PBXFileReference; lastKnownFileType = sourcecode.swift; path = UIAppearance.swift; sourceTree = "<group>"; };
		26317223248F15F1944A9F46 /* SettingsView.swift */ = {isa = PBXFileReference; lastKnownFileType = sourcecode.swift; path = SettingsView.swift; sourceTree = "<group>"; };
		2985EDED3592461554F441CD /* SubscriptionTests.swift */ = {isa = PBXFileReference; lastKnownFileType = sourcecode.swift; path = SubscriptionTests.swift; sourceTree = "<group>"; };
		2EF4F84771B3193FD68A9F08 /* StringValidationTests.swift */ = {isa = PBXFileReference; lastKnownFileType = sourcecode.swift; path = StringValidationTests.swift; sourceTree = "<group>"; };
		31B6CABC570BB62BC4321C79 /* Assets.xcassets */ = {isa = PBXFileReference; lastKnownFileType = folder.assetcatalog; path = Assets.xcassets; sourceTree = "<group>"; };
		35087D174F4743853D95CE96 /* RatingsClientTests.swift */ = {isa = PBXFileReference; lastKnownFileType = sourcecode.swift; path = RatingsClientTests.swift; sourceTree = "<group>"; };
		38FC9C621974BD22ECB3E30C /* ChatMessage.swift */ = {isa = PBXFileReference; lastKnownFileType = sourcecode.swift; path = ChatMessage.swift; sourceTree = "<group>"; };
		3C5E4EE6A762DDA8E67A951C /* DietaryPreferences.swift */ = {isa = PBXFileReference; lastKnownFileType = sourcecode.swift; path = DietaryPreferences.swift; sourceTree = "<group>"; };
		3F0982C606E537CF58C2E853 /* CulinaChefTests.xctest */ = {isa = PBXFileReference; includeInIndex = 0; lastKnownFileType = text; name = CulinaChefTests.xctest; path = .xctest; sourceTree = BUILT_PRODUCTS_DIR; };
		3F507943A1CBD339AE23C041 /* TimerCenter.swift */ = {isa = PBXFileReference; lastKnownFileType = sourcecode.swift; path = TimerCenter.swift; sourceTree = "<group>"; };
		40267FFC7AC70239FE17E29F /* StoreKitManager.swift */ = {isa = PBXFileReference; lastKnownFileType = sourcecode.swift; path = StoreKitManager.swift; sourceTree = "<group>"; };
		41612AD3F4BBB5C3EEDE0A28 /* SupabaseAuthClientTests.swift */ = {isa = PBXFileReference; lastKnownFileType = sourcecode.swift; path = SupabaseAuthClientTests.swift; sourceTree = "<group>"; };
		42169ED425055D7B0C7DCC4A /* BackendClientTests.swift */ = {isa = PBXFileReference; lastKnownFileType = sourcecode.swift; path = BackendClientTests.swift; sourceTree = "<group>"; };
		42607E7C104A55A968061A45 /* ShoppingListManager.swift */ = {isa = PBXFileReference; lastKnownFileType = sourcecode.swift; path = ShoppingListManager.swift; sourceTree = "<group>"; };
		46C44E9EE08E371318175F42 /* ReportSystemViews.swift */ = {isa = PBXFileReference; lastKnownFileType = sourcecode.swift; path = ReportSystemViews.swift; sourceTree = "<group>"; };
		4D7EDB047334A2D67F7492CC /* TimerCenterTests.swift */ = {isa = PBXFileReference; lastKnownFileType = sourcecode.swift; path = TimerCenterTests.swift; sourceTree = "<group>"; };
		4F725A9BFAB698230A7C8BF7 /* BackendOpenAIClient.swift */ = {isa = PBXFileReference; lastKnownFileType = sourcecode.swift; path = BackendOpenAIClient.swift; sourceTree = "<group>"; };
		4F800ACD7DA8C23D84AF197D /* Secrets.xcconfig */ = {isa = PBXFileReference; lastKnownFileType = text.xcconfig; path = Secrets.xcconfig; sourceTree = "<group>"; };
		51332C2C5A0C81681930CB91 /* MockURLProtocol.swift */ = {isa = PBXFileReference; lastKnownFileType = sourcecode.swift; path = MockURLProtocol.swift; sourceTree = "<group>"; };
		52C57269C0CC78F6FB79959D /* Menu.swift */ = {isa = PBXFileReference; lastKnownFileType = sourcecode.swift; path = Menu.swift; sourceTree = "<group>"; };
		52E07267E0858383C5231893 /* SubscriptionsClientTests.swift */ = {isa = PBXFileReference; lastKnownFileType = sourcecode.swift; path = SubscriptionsClientTests.swift; sourceTree = "<group>"; };
		5BCF3028BA669F66F436450C /* SubscriptionsClient.swift */ = {isa = PBXFileReference; lastKnownFileType = sourcecode.swift; path = SubscriptionsClient.swift; sourceTree = "<group>"; };
		5C89A4E2F2243029CF62C806 /* RootView.swift */ = {isa = PBXFileReference; lastKnownFileType = sourcecode.swift; path = RootView.swift; sourceTree = "<group>"; };
		5DC6727FAEE7015C38557317 /* Recipe.swift */ = {isa = PBXFileReference; lastKnownFileType = sourcecode.swift; path = Recipe.swift; sourceTree = "<group>"; };
		5E612F55378DF20EE8ED1411 /* GenerateView.swift */ = {isa = PBXFileReference; lastKnownFileType = sourcecode.swift; path = GenerateView.swift; sourceTree = "<group>"; };
		61131757BC709F355AD8060B /* TermsContent_EN.swift */ = {isa = PBXFileReference; lastKnownFileType = sourcecode.swift; path = TermsContent_EN.swift; sourceTree = "<group>"; };
		682480BA01AEC9380FF0F4A6 /* ImprintView.swift */ = {isa = PBXFileReference; lastKnownFileType = sourcecode.swift; path = ImprintView.swift; sourceTree = "<group>"; };
		69F58D455277DDC344236C91 /* FeatureAccess.swift */ = {isa = PBXFileReference; lastKnownFileType = sourcecode.swift; path = FeatureAccess.swift; sourceTree = "<group>"; };
		6EDB6B3A12DFC71D7A4F9185 /* ShoppingListManagerTests.swift */ = {isa = PBXFileReference; lastKnownFileType = sourcecode.swift; path = ShoppingListManagerTests.swift; sourceTree = "<group>"; };
		72481376FDFA2972F2263952 /* JailbreakDetector.swift */ = {isa = PBXFileReference; lastKnownFileType = sourcecode.swift; path = JailbreakDetector.swift; sourceTree = "<group>"; };
		728DA3A6CF6CD4E107415450 /* ShoppingListExtended.swift */ = {isa = PBXFileReference; lastKnownFileType = sourcecode.swift; path = ShoppingListExtended.swift; sourceTree = "<group>"; };
		7675AB2EAF24B0AEC5A02AED /* LocalizationManagerTests.swift */ = {isa = PBXFileReference; lastKnownFileType = sourcecode.swift; path = LocalizationManagerTests.swift; sourceTree = "<group>"; };
		7BCF3CADE470585536DC39E5 /* PaywallView.swift */ = {isa = PBXFileReference; lastKnownFileType = sourcecode.swift; path = PaywallView.swift; sourceTree = "<group>"; };
		7D693ECE8B7A5A10EB84E9E8 /* Config.swift */ = {isa = PBXFileReference; lastKnownFileType = sourcecode.swift; path = Config.swift; sourceTree = "<group>"; };
		7E3211EFE8C499247FFEE1F8 /* OpenAIClientTests.swift */ = {isa = PBXFileReference; lastKnownFileType = sourcecode.swift; path = OpenAIClientTests.swift; sourceTree = "<group>"; };
		835485D32390CCDE8D0E21E5 /* PrivacyPolicyView.swift */ = {isa = PBXFileReference; lastKnownFileType = sourcecode.swift; path = PrivacyPolicyView.swift; sourceTree = "<group>"; };
		845FFFA8D16431609BA3F692 /* View+RoundedCorners.swift */ = {isa = PBXFileReference; lastKnownFileType = sourcecode.swift; path = "View+RoundedCorners.swift"; sourceTree = "<group>"; };
		8713B1B7801ECCD51E0BE900 /* AuthFlowIntegrationTests.swift */ = {isa = PBXFileReference; lastKnownFileType = sourcecode.swift; path = AuthFlowIntegrationTests.swift; sourceTree = "<group>"; };
		87ADFE33C58FEF2A524B9C04 /* AppStateTests.swift */ = {isa = PBXFileReference; lastKnownFileType = sourcecode.swift; path = AppStateTests.swift; sourceTree = "<group>"; };
		8D9C8E97CEA997977B04DFDC /* SupabaseAuthClient.swift */ = {isa = PBXFileReference; lastKnownFileType = sourcecode.swift; path = SupabaseAuthClient.swift; sourceTree = "<group>"; };
		919E865BA11391F1736AD81A /* App.swift */ = {isa = PBXFileReference; lastKnownFileType = sourcecode.swift; path = App.swift; sourceTree = "<group>"; };
		92B1BCA2734FC21410A3C558 /* CommunityUploadSheet.swift */ = {isa = PBXFileReference; lastKnownFileType = sourcecode.swift; path = CommunityUploadSheet.swift; sourceTree = "<group>"; };
		92DE198B243F082E04F8061A /* DietarySettingsView.swift */ = {isa = PBXFileReference; lastKnownFileType = sourcecode.swift; path = DietarySettingsView.swift; sourceTree = "<group>"; };
		99C4F8F3DE07184AAFB7382E /* AppState.swift */ = {isa = PBXFileReference; lastKnownFileType = sourcecode.swift; path = AppState.swift; sourceTree = "<group>"; };
		9A7DC09C3D7565C453EC5277 /* UserPreferencesClient.swift */ = {isa = PBXFileReference; lastKnownFileType = sourcecode.swift; path = UserPreferencesClient.swift; sourceTree = "<group>"; };
		9CF6FA0F10E39BFDD46C6CF5 /* AnalyticsManager.swift */ = {isa = PBXFileReference; lastKnownFileType = sourcecode.swift; path = AnalyticsManager.swift; sourceTree = "<group>"; };
		9F4BBA2509D4205F615D2389 /* MockSupabaseResponses.swift */ = {isa = PBXFileReference; lastKnownFileType = sourcecode.swift; path = MockSupabaseResponses.swift; sourceTree = "<group>"; };
		A21805E7372B2AE70242BE0B /* SignInView.swift */ = {isa = PBXFileReference; lastKnownFileType = sourcecode.swift; path = SignInView.swift; sourceTree = "<group>"; };
		A2EEF095D75093B2D328A817 /* MenuManagementIntegrationTests.swift */ = {isa = PBXFileReference; lastKnownFileType = sourcecode.swift; path = MenuManagementIntegrationTests.swift; sourceTree = "<group>"; };
		AD13634AB821020FF59626D0 /* Info.plist */ = {isa = PBXFileReference; lastKnownFileType = text.plist; path = Info.plist; sourceTree = "<group>"; };
		AE78D545F2774E763E6161F4 /* ChatView.swift */ = {isa = PBXFileReference; lastKnownFileType = sourcecode.swift; path = ChatView.swift; sourceTree = "<group>"; };
		AE9CBB4591C8A19859D11DBE /* ShoppingListView.swift */ = {isa = PBXFileReference; lastKnownFileType = sourcecode.swift; path = ShoppingListView.swift; sourceTree = "<group>"; };
		AEFC116B45F42B7AC65DE574 /* AuthView.swift */ = {isa = PBXFileReference; lastKnownFileType = sourcecode.swift; path = AuthView.swift; sourceTree = "<group>"; };
		B5AB35019F11A4B305D520B8 /* RatingsClient.swift */ = {isa = PBXFileReference; lastKnownFileType = sourcecode.swift; path = RatingsClient.swift; sourceTree = "<group>"; };
		BE0F947BFCEA08029A50CFC7 /* FairUseView.swift */ = {isa = PBXFileReference; lastKnownFileType = sourcecode.swift; path = FairUseView.swift; sourceTree = "<group>"; };
		BFBFB5352EC9323E00300125 /* de.json */ = {isa = PBXFileReference; lastKnownFileType = text.json; path = de.json; sourceTree = "<group>"; };
		BFBFB5362EC9323E00300125 /* en.json */ = {isa = PBXFileReference; lastKnownFileType = text.json; path = en.json; sourceTree = "<group>"; };
		BFBFB5372EC9323E00300125 /* es.json */ = {isa = PBXFileReference; lastKnownFileType = text.json; path = es.json; sourceTree = "<group>"; };
		BFBFB5382EC9323E00300125 /* fr.json */ = {isa = PBXFileReference; lastKnownFileType = text.json; path = fr.json; sourceTree = "<group>"; };
		BFBFB5392EC9323E00300125 /* it.json */ = {isa = PBXFileReference; lastKnownFileType = text.json; path = it.json; sourceTree = "<group>"; };
		BFBFB5432EC9327A00300125 /* backend.cer */ = {isa = PBXFileReference; lastKnownFileType = file; path = backend.cer; sourceTree = "<group>"; };
		BFBFB5442EC9327A00300125 /* supabase.cer */ = {isa = PBXFileReference; lastKnownFileType = file; path = supabase.cer; sourceTree = "<group>"; };
		BFBFB5472EC93D4F00300125 /* StoreKit.storekit */ = {isa = PBXFileReference; lastKnownFileType = text; path = StoreKit.storekit; sourceTree = "<group>"; };
		C0AF1DC9CC8ED07B4C5A8915 /* OnboardingView.swift */ = {isa = PBXFileReference; lastKnownFileType = sourcecode.swift; path = OnboardingView.swift; sourceTree = "<group>"; };
		C6374362E3A330D0BA9829E2 /* SecureURLSession.swift */ = {isa = PBXFileReference; lastKnownFileType = sourcecode.swift; path = SecureURLSession.swift; sourceTree = "<group>"; };
		D4F8960B0FF5281ECE12C22E /* String+Validation.swift */ = {isa = PBXFileReference; lastKnownFileType = sourcecode.swift; path = "String+Validation.swift"; sourceTree = "<group>"; };
		D540B6196483AB6491AA0A4A /* OpenAIConsentDialog.swift */ = {isa = PBXFileReference; lastKnownFileType = sourcecode.swift; path = OpenAIConsentDialog.swift; sourceTree = "<group>"; };
		D77AED64D568CB376372637F /* ManualRecipeBuilderView.swift */ = {isa = PBXFileReference; lastKnownFileType = sourcecode.swift; path = ManualRecipeBuilderView.swift; sourceTree = "<group>"; };
		DD51D9C2949825F126779695 /* ShoppingList.swift */ = {isa = PBXFileReference; lastKnownFileType = sourcecode.swift; path = ShoppingList.swift; sourceTree = "<group>"; };
		DF262E16254E15667802A85D /* BackendClient.swift */ = {isa = PBXFileReference; lastKnownFileType = sourcecode.swift; path = BackendClient.swift; sourceTree = "<group>"; };
		EA9B43DCE8036D599CB6941E /* LocalizationManager.swift */ = {isa = PBXFileReference; lastKnownFileType = sourcecode.swift; path = LocalizationManager.swift; sourceTree = "<group>"; };
		EAE72EEFB2F938867B00A5D1 /* LaunchScreen.storyboard */ = {isa = PBXFileReference; lastKnownFileType = file.storyboard; path = LaunchScreen.storyboard; sourceTree = "<group>"; };
		F366107B89FBDAB81E0E6667 /* LikedRecipesManagerTests.swift */ = {isa = PBXFileReference; lastKnownFileType = sourcecode.swift; path = LikedRecipesManagerTests.swift; sourceTree = "<group>"; };
		F5C4F2055099FDED27B71EBC /* SignUpView.swift */ = {isa = PBXFileReference; lastKnownFileType = sourcecode.swift; path = SignUpView.swift; sourceTree = "<group>"; };
		FCF1AFB82F4D6DC0FBEADEC2 /* TermsOfServiceView.swift */ = {isa = PBXFileReference; lastKnownFileType = sourcecode.swift; path = TermsOfServiceView.swift; sourceTree = "<group>"; };
		FD97221B4FA2497E34222673 /* RecipeDetailView.swift */ = {isa = PBXFileReference; lastKnownFileType = sourcecode.swift; path = RecipeDetailView.swift; sourceTree = "<group>"; };
		FFD0B42FC2F1FB98BC6CC86F /* Logger.swift */ = {isa = PBXFileReference; lastKnownFileType = sourcecode.swift; path = Logger.swift; sourceTree = "<group>"; };
/* End PBXFileReference section */

/* Begin PBXFrameworksBuildPhase section */
		601B0DA8DAE747F3A05068BF /* Frameworks */ = {
			isa = PBXFrameworksBuildPhase;
			buildActionMask = 2147483647;
			files = (
				8E98AFCD0C42ACBAA4332478 /* Sentry in Frameworks */,
			);
			runOnlyForDeploymentPostprocessing = 0;
		};
/* End PBXFrameworksBuildPhase section */

/* Begin PBXGroup section */
		0B4517B2259DC6F3B5AA8263 /* Tests */ = {
			isa = PBXGroup;
			children = (
				188555D9BE64E850BEE67F00 /* AnalyticsManagerTests.swift */,
				87ADFE33C58FEF2A524B9C04 /* AppStateTests.swift */,
				42169ED425055D7B0C7DCC4A /* BackendClientTests.swift */,
				174E397B5850F0459C63D384 /* KeychainManagerTests.swift */,
				F366107B89FBDAB81E0E6667 /* LikedRecipesManagerTests.swift */,
				7675AB2EAF24B0AEC5A02AED /* LocalizationManagerTests.swift */,
				7E3211EFE8C499247FFEE1F8 /* OpenAIClientTests.swift */,
				35087D174F4743853D95CE96 /* RatingsClientTests.swift */,
				6EDB6B3A12DFC71D7A4F9185 /* ShoppingListManagerTests.swift */,
				041827A4DAAFA0D3DA7A3A3E /* StoreKitManagerTests.swift */,
				2EF4F84771B3193FD68A9F08 /* StringValidationTests.swift */,
				52E07267E0858383C5231893 /* SubscriptionsClientTests.swift */,
				2985EDED3592461554F441CD /* SubscriptionTests.swift */,
				41612AD3F4BBB5C3EEDE0A28 /* SupabaseAuthClientTests.swift */,
				4D7EDB047334A2D67F7492CC /* TimerCenterTests.swift */,
				05B20B80B2F15E59F18F6667 /* UserPreferencesClientTests.swift */,
				5A01BC6A00C8038CB92733B5 /* Integration */,
				EF0AE7C8D320DC89D24B22D8 /* Mocks */,
			);
			path = Tests;
			sourceTree = "<group>";
		};
		0FCC9B891CB3DF972222AE50 /* Utilities */ = {
			isa = PBXGroup;
			children = (
				69F58D455277DDC344236C91 /* FeatureAccess.swift */,
				72481376FDFA2972F2263952 /* JailbreakDetector.swift */,
				FFD0B42FC2F1FB98BC6CC86F /* Logger.swift */,
				13C7C61B04ADFA92C3C27DA5 /* ShareSheet.swift */,
			);
			path = Utilities;
			sourceTree = "<group>";
		};
		40728F1A522F5676DA8C2A7A = {
			isa = PBXGroup;
			children = (
				BFBFB5472EC93D4F00300125 /* StoreKit.storekit */,
				BFBFB5432EC9327A00300125 /* backend.cer */,
				BFBFB5442EC9327A00300125 /* supabase.cer */,
				BFBFB5352EC9323E00300125 /* de.json */,
				BFBFB5362EC9323E00300125 /* en.json */,
				BFBFB5372EC9323E00300125 /* es.json */,
				BFBFB5382EC9323E00300125 /* fr.json */,
				BFBFB5392EC9323E00300125 /* it.json */,
				ED62F7E2D93415139BD2695B /* Configs */,
				9A787DBC0B50C38AFCD7641B /* Sources */,
				0B4517B2259DC6F3B5AA8263 /* Tests */,
				DB8C1F848D9255B8F1A42A68 /* Products */,
			);
			sourceTree = "<group>";
		};
		5A01BC6A00C8038CB92733B5 /* Integration */ = {
			isa = PBXGroup;
			children = (
				8713B1B7801ECCD51E0BE900 /* AuthFlowIntegrationTests.swift */,
				A2EEF095D75093B2D328A817 /* MenuManagementIntegrationTests.swift */,
				0451F1C92A23B33ACA310B10 /* SubscriptionFlowIntegrationTests.swift */,
			);
			path = Integration;
			sourceTree = "<group>";
		};
		69421588BA8C543CE298DEE2 /* Models */ = {
			isa = PBXGroup;
			children = (
				38FC9C621974BD22ECB3E30C /* ChatMessage.swift */,
				3C5E4EE6A762DDA8E67A951C /* DietaryPreferences.swift */,
				52C57269C0CC78F6FB79959D /* Menu.swift */,
				5DC6727FAEE7015C38557317 /* Recipe.swift */,
				03D43DECD96C09C92E0F256F /* RecipePlan.swift */,
				DD51D9C2949825F126779695 /* ShoppingList.swift */,
				728DA3A6CF6CD4E107415450 /* ShoppingListExtended.swift */,
				61131757BC709F355AD8060B /* TermsContent_EN.swift */,
			);
			path = Models;
			sourceTree = "<group>";
		};
		9A787DBC0B50C38AFCD7641B /* Sources */ = {
			isa = PBXGroup;
			children = (
				919E865BA11391F1736AD81A /* App.swift */,
				31B6CABC570BB62BC4321C79 /* Assets.xcassets */,
				AD13634AB821020FF59626D0 /* Info.plist */,
				EAE72EEFB2F938867B00A5D1 /* LaunchScreen.storyboard */,
				D221D84D4021CB60A2477C7C /* Extensions */,
				C850EB45440C158E36A003D3 /* Managers */,
				69421588BA8C543CE298DEE2 /* Models */,
				D9249658D245D6FA8AD1850E /* Services */,
				0FCC9B891CB3DF972222AE50 /* Utilities */,
				E5C8A29F79A0DE659D9FB26B /* Views */,
			);
			path = Sources;
			sourceTree = "<group>";
		};
		C850EB45440C158E36A003D3 /* Managers */ = {
			isa = PBXGroup;
			children = (
				21C38F108F9C7302B0520E12 /* LikedRecipesManager.swift */,
				42607E7C104A55A968061A45 /* ShoppingListManager.swift */,
			);
			path = Managers;
			sourceTree = "<group>";
		};
		D221D84D4021CB60A2477C7C /* Extensions */ = {
			isa = PBXGroup;
			children = (
				D4F8960B0FF5281ECE12C22E /* String+Validation.swift */,
				845FFFA8D16431609BA3F692 /* View+RoundedCorners.swift */,
			);
			path = Extensions;
			sourceTree = "<group>";
		};
		D9249658D245D6FA8AD1850E /* Services */ = {
			isa = PBXGroup;
			children = (
				9CF6FA0F10E39BFDD46C6CF5 /* AnalyticsManager.swift */,
				99C4F8F3DE07184AAFB7382E /* AppState.swift */,
				DF262E16254E15667802A85D /* BackendClient.swift */,
				4F725A9BFAB698230A7C8BF7 /* BackendOpenAIClient.swift */,
				7D693ECE8B7A5A10EB84E9E8 /* Config.swift */,
				EA9B43DCE8036D599CB6941E /* LocalizationManager.swift */,
				B5AB35019F11A4B305D520B8 /* RatingsClient.swift */,
				05407F2E4B1432EA5F70A623 /* Secrets.swift */,
				C6374362E3A330D0BA9829E2 /* SecureURLSession.swift */,
				40267FFC7AC70239FE17E29F /* StoreKitManager.swift */,
				5BCF3028BA669F66F436450C /* SubscriptionsClient.swift */,
				8D9C8E97CEA997977B04DFDC /* SupabaseAuthClient.swift */,
				3F507943A1CBD339AE23C041 /* TimerCenter.swift */,
				24E831A7B1026BCAE595DEB3 /* UIAppearance.swift */,
				9A7DC09C3D7565C453EC5277 /* UserPreferencesClient.swift */,
			);
			path = Services;
			sourceTree = "<group>";
		};
		DB8C1F848D9255B8F1A42A68 /* Products */ = {
			isa = PBXGroup;
			children = (
				21B76FF23B7C59DF68BE67EA /* CulinaChef.app */,
				3F0982C606E537CF58C2E853 /* CulinaChefTests.xctest */,
			);
			name = Products;
			sourceTree = "<group>";
		};
		E5C8A29F79A0DE659D9FB26B /* Views */ = {
			isa = PBXGroup;
			children = (
				AEFC116B45F42B7AC65DE574 /* AuthView.swift */,
				AE78D545F2774E763E6161F4 /* ChatView.swift */,
				92B1BCA2734FC21410A3C558 /* CommunityUploadSheet.swift */,
				92DE198B243F082E04F8061A /* DietarySettingsView.swift */,
				BE0F947BFCEA08029A50CFC7 /* FairUseView.swift */,
				5E612F55378DF20EE8ED1411 /* GenerateView.swift */,
				682480BA01AEC9380FF0F4A6 /* ImprintView.swift */,
				D77AED64D568CB376372637F /* ManualRecipeBuilderView.swift */,
				C0AF1DC9CC8ED07B4C5A8915 /* OnboardingView.swift */,
				D540B6196483AB6491AA0A4A /* OpenAIConsentDialog.swift */,
				7BCF3CADE470585536DC39E5 /* PaywallView.swift */,
				835485D32390CCDE8D0E21E5 /* PrivacyPolicyView.swift */,
				1497DA3E83CCF53D37AD7624 /* RecipeCompletionView.swift */,
				1AE18E2F63067CE6BA3CB289 /* RecipeCreatorView.swift */,
				FD97221B4FA2497E34222673 /* RecipeDetailView.swift */,
				0D90D4F59064989AF68E0CCD /* RecipeResultView.swift */,
				0F3487977213951EF85063B8 /* RecipesView.swift */,
				46C44E9EE08E371318175F42 /* ReportSystemViews.swift */,
				5C89A4E2F2243029CF62C806 /* RootView.swift */,
				26317223248F15F1944A9F46 /* SettingsView.swift */,
				AE9CBB4591C8A19859D11DBE /* ShoppingListView.swift */,
				A21805E7372B2AE70242BE0B /* SignInView.swift */,
				F5C4F2055099FDED27B71EBC /* SignUpView.swift */,
				FCF1AFB82F4D6DC0FBEADEC2 /* TermsOfServiceView.swift */,
			);
			path = Views;
			sourceTree = "<group>";
		};
		ED62F7E2D93415139BD2695B /* Configs */ = {
			isa = PBXGroup;
			children = (
				4F800ACD7DA8C23D84AF197D /* Secrets.xcconfig */,
			);
			path = Configs;
			sourceTree = "<group>";
		};
		EF0AE7C8D320DC89D24B22D8 /* Mocks */ = {
			isa = PBXGroup;
			children = (
				9F4BBA2509D4205F615D2389 /* MockSupabaseResponses.swift */,
				51332C2C5A0C81681930CB91 /* MockURLProtocol.swift */,
			);
			path = Mocks;
			sourceTree = "<group>";
		};
/* End PBXGroup section */

/* Begin PBXNativeTarget section */
		04E5CB28410783D7A485F9BF /* CulinaChefTests */ = {
			isa = PBXNativeTarget;
			buildConfigurationList = 75E5D6E17E48C95D73C9C07B /* Build configuration list for PBXNativeTarget "CulinaChefTests" */;
			buildPhases = (
				9FDBEB8F7DEF8F733E6E2D30 /* Sources */,
			);
			buildRules = (
			);
			dependencies = (
				2972BFAAA78E9A79A0AD5F8F /* PBXTargetDependency */,
			);
			name = CulinaChefTests;
			packageProductDependencies = (
			);
			productName = CulinaChefTests;
			productReference = 3F0982C606E537CF58C2E853 /* CulinaChefTests.xctest */;
			productType = "com.apple.product-type.bundle.unit-test";
		};
		FFADC5FD5D5C094834C6F95E /* CulinaChef */ = {
			isa = PBXNativeTarget;
			buildConfigurationList = 5B6AABAE9D3D4444A9138644 /* Build configuration list for PBXNativeTarget "CulinaChef" */;
			buildPhases = (
				1F04D6689DB2CADC4865450B /* Sources */,
				F1B5773C995A210C9A4F13C5 /* Resources */,
				601B0DA8DAE747F3A05068BF /* Frameworks */,
			);
			buildRules = (
			);
			dependencies = (
			);
			name = CulinaChef;
			packageProductDependencies = (
				EBA0CC23381C951E84A992D3 /* Sentry */,
			);
			productName = CulinaChef;
			productReference = 21B76FF23B7C59DF68BE67EA /* CulinaChef.app */;
			productType = "com.apple.product-type.application";
		};
/* End PBXNativeTarget section */

/* Begin PBXProject section */
		4DF7A8FB47235C9D8D37D68C /* Project object */ = {
			isa = PBXProject;
			attributes = {
				BuildIndependentTargetsInParallel = YES;
				LastUpgradeCheck = 1430;
				TargetAttributes = {
					04E5CB28410783D7A485F9BF = {
						DevelopmentTeam = 4Q33QP9G7Z;
						ProvisioningStyle = Automatic;
					};
					FFADC5FD5D5C094834C6F95E = {
						DevelopmentTeam = 4Q33QP9G7Z;
						ProvisioningStyle = Automatic;
					};
				};
			};
			buildConfigurationList = 445AAB622276403D41576C5E /* Build configuration list for PBXProject "CulinaChef" */;
			compatibilityVersion = "Xcode 14.0";
			developmentRegion = de;
			hasScannedForEncodings = 0;
			knownRegions = (
				Base,
				de,
			);
			mainGroup = 40728F1A522F5676DA8C2A7A;
			minimizedProjectReferenceProxies = 1;
			packageReferences = (
				F2FAE0E0B17E85EA26B7E1C2 /* XCRemoteSwiftPackageReference "sentry-cocoa" */,
			);
			projectDirPath = "";
			projectRoot = "";
			targets = (
				FFADC5FD5D5C094834C6F95E /* CulinaChef */,
				04E5CB28410783D7A485F9BF /* CulinaChefTests */,
			);
		};
/* End PBXProject section */

/* Begin PBXResourcesBuildPhase section */
		F1B5773C995A210C9A4F13C5 /* Resources */ = {
			isa = PBXResourcesBuildPhase;
			buildActionMask = 2147483647;
			files = (
				7B8C4F644351423A14A74554 /* Assets.xcassets in Resources */,
				BFBFB53A2EC9323E00300125 /* es.json in Resources */,
				BFBFB53B2EC9323E00300125 /* fr.json in Resources */,
				BFBFB5452EC9327A00300125 /* backend.cer in Resources */,
				BFBFB5462EC9327A00300125 /* supabase.cer in Resources */,
				BFBFB5482EC93D4F00300125 /* StoreKit.storekit in Resources */,
				BFBFB53C2EC9323E00300125 /* en.json in Resources */,
				BFBFB53D2EC9323E00300125 /* de.json in Resources */,
				BFBFB53E2EC9323E00300125 /* it.json in Resources */,
				ABF9438D01967639E9300DA0 /* LaunchScreen.storyboard in Resources */,
			);
			runOnlyForDeploymentPostprocessing = 0;
		};
/* End PBXResourcesBuildPhase section */

/* Begin PBXSourcesBuildPhase section */
		1F04D6689DB2CADC4865450B /* Sources */ = {
			isa = PBXSourcesBuildPhase;
			buildActionMask = 2147483647;
			files = (
				C03A9DCD41BA6156094F3F11 /* AnalyticsManager.swift in Sources */,
				70F17A107ADAFC9D0D2D055E /* App.swift in Sources */,
				B7F7142CE863BED29C2914A7 /* AppState.swift in Sources */,
				DCC426E9353E48E235BF0096 /* AuthView.swift in Sources */,
				4C3CED17610A1D45C7A844F7 /* BackendClient.swift in Sources */,
				8411A4000EDCED30DC9B7C8D /* BackendOpenAIClient.swift in Sources */,
				75BB4C9CB7F221549C30CD38 /* ChatMessage.swift in Sources */,
				1B966F3BFA8F9A1496EC839B /* ChatView.swift in Sources */,
				67C6FC4503666CF9204FCF29 /* CommunityUploadSheet.swift in Sources */,
				93741DFD3E1CF954D0FD90F9 /* Config.swift in Sources */,
				69B182E0D394A43DA6565410 /* DietaryPreferences.swift in Sources */,
				0F6BD3675993127A716D2DD8 /* DietarySettingsView.swift in Sources */,
				6A50B168C41AFFF6FADFAFD7 /* FairUseView.swift in Sources */,
				D3490E7919F9989F03AD8FDD /* FeatureAccess.swift in Sources */,
				CCF06F0CF4CF8ABB9F95A2B9 /* GenerateView.swift in Sources */,
				6221EB728B71FEA91A8A9FA3 /* ImprintView.swift in Sources */,
				C8EC7A8151636A78736D99C3 /* JailbreakDetector.swift in Sources */,
				5FD812EE46ECE2BE17354F27 /* LikedRecipesManager.swift in Sources */,
				6B3CDD8F380E7E04543F3E08 /* LocalizationManager.swift in Sources */,
				343CCF7B6DA0964871D87B7A /* Logger.swift in Sources */,
				34E8505B050E67E121965039 /* ManualRecipeBuilderView.swift in Sources */,
				DD49AB573EC1DDEA2EE7D149 /* Menu.swift in Sources */,
				F02FDD1C624470B95790160F /* OnboardingView.swift in Sources */,
				06E0F03F5A979515505678AE /* OpenAIConsentDialog.swift in Sources */,
				FEC6CC21CDE44482D442F073 /* PaywallView.swift in Sources */,
				1576FE5B2BFC2DB188839401 /* PrivacyPolicyView.swift in Sources */,
				C894F8BE2A01318D4694C497 /* RatingsClient.swift in Sources */,
				85B2622F866B818B1CD96BE4 /* Recipe.swift in Sources */,
				3EA94171A5AB0A2620DC193A /* RecipeCompletionView.swift in Sources */,
				9B7CBB45C82AABE831AC1838 /* RecipeCreatorView.swift in Sources */,
				A87DEB86EF1AB56F87377362 /* RecipeDetailView.swift in Sources */,
				315BFED8453D8F82AC7A274B /* RecipePlan.swift in Sources */,
				87AA84491856EA9895171924 /* RecipeResultView.swift in Sources */,
				59E6066EEE66DB8FBA7CB2EB /* RecipesView.swift in Sources */,
				2E5EA73C7B9925862A41AFE3 /* ReportSystemViews.swift in Sources */,
				CD140CD448C33A2833376F0E /* RootView.swift in Sources */,
				0A3AE39CF26094C4F7F31552 /* Secrets.swift in Sources */,
				D0035064EDF6474FEC4D79B4 /* SecureURLSession.swift in Sources */,
				064212D9FE04E002AB5E489D /* SettingsView.swift in Sources */,
				77EF0CE4FD311108E3379B9D /* ShareSheet.swift in Sources */,
				7F64BF27401D2DA383E033D6 /* ShoppingList.swift in Sources */,
				698E6E5CE8EF57785CECD456 /* ShoppingListExtended.swift in Sources */,
				99F511B71E6D52861B66D82B /* ShoppingListManager.swift in Sources */,
				E9024322447EF2B8086445F5 /* ShoppingListView.swift in Sources */,
				6B7DA5BACF64F64655483583 /* SignInView.swift in Sources */,
				0B84752B5F9DCFBA11FF2F26 /* SignUpView.swift in Sources */,
				CB709F7443BF09398A478807 /* StoreKitManager.swift in Sources */,
				A5606507852FC4E19C2DAE5E /* String+Validation.swift in Sources */,
				1BE78541CFC8463261323B44 /* SubscriptionsClient.swift in Sources */,
				B74612E22263F9B53F9A7E78 /* SupabaseAuthClient.swift in Sources */,
				68A557E092B0BAF92381F2A1 /* TermsContent_EN.swift in Sources */,
				57BBA4C3EC5DE8BAE972E286 /* TermsOfServiceView.swift in Sources */,
				44529BFC2C79DD07CC204031 /* TimerCenter.swift in Sources */,
				064325306AFC2BC6C775B2D8 /* UIAppearance.swift in Sources */,
				B325A2932815BE02546AE3F6 /* UserPreferencesClient.swift in Sources */,
				FEFFEAEA8B96327DDA8F7462 /* View+RoundedCorners.swift in Sources */,
			);
			runOnlyForDeploymentPostprocessing = 0;
		};
		9FDBEB8F7DEF8F733E6E2D30 /* Sources */ = {
			isa = PBXSourcesBuildPhase;
			buildActionMask = 2147483647;
			files = (
				9065DC7E189BE3F70EF0F79B /* AnalyticsManagerTests.swift in Sources */,
				80FDED29CD5AB53973129C49 /* AppStateTests.swift in Sources */,
				88D188939F39E6A9ACB67617 /* AuthFlowIntegrationTests.swift in Sources */,
				5FCBB858C3B0036C902DD553 /* BackendClientTests.swift in Sources */,
				FFF8F29956D8F6369821BC24 /* KeychainManagerTests.swift in Sources */,
				B12F8CDE1CC6059319E84989 /* LikedRecipesManagerTests.swift in Sources */,
				E9A27A948CF2AE019F73144D /* LocalizationManagerTests.swift in Sources */,
				1BE1A83CC516A86B8C327BF3 /* MenuManagementIntegrationTests.swift in Sources */,
				260C6211C9EBA6C621E6EA5C /* MockSupabaseResponses.swift in Sources */,
				411070A7F64F24545ECD2240 /* MockURLProtocol.swift in Sources */,
				C5DA197679F432B7B8AE0B08 /* OpenAIClientTests.swift in Sources */,
				1B480D6E2CFCC4B622EA5A3C /* RatingsClientTests.swift in Sources */,
				2D7D9BA5B7418663E41A578C /* ShoppingListManagerTests.swift in Sources */,
				009F5CBE0AF71AEB7D67AAEE /* StoreKitManagerTests.swift in Sources */,
				BCCE65B26AF0840BE3CACBEE /* StringValidationTests.swift in Sources */,
				138687AB9FE7D960B030AE5E /* SubscriptionFlowIntegrationTests.swift in Sources */,
				85D6C5963BE88397721555E0 /* SubscriptionTests.swift in Sources */,
				E6BC334F764E879CE0F31A90 /* SubscriptionsClientTests.swift in Sources */,
				9DD95003F54A6FF116ACACA4 /* SupabaseAuthClientTests.swift in Sources */,
				0B13F2E963FF7D25BF9341CA /* TimerCenterTests.swift in Sources */,
				E135331E3B1A00CC42328EA7 /* UserPreferencesClientTests.swift in Sources */,
			);
			runOnlyForDeploymentPostprocessing = 0;
		};
/* End PBXSourcesBuildPhase section */

/* Begin PBXTargetDependency section */
		2972BFAAA78E9A79A0AD5F8F /* PBXTargetDependency */ = {
			isa = PBXTargetDependency;
			target = FFADC5FD5D5C094834C6F95E /* CulinaChef */;
			targetProxy = D1F1080903EA3CF2876F2267 /* PBXContainerItemProxy */;
		};
/* End PBXTargetDependency section */

/* Begin XCBuildConfiguration section */
		003C60998A35EB970217882B /* Debug */ = {
			isa = XCBuildConfiguration;
			buildSettings = {
				CODE_SIGN_STYLE = Automatic;
				GENERATE_INFOPLIST_FILE = YES;
				IPHONEOS_DEPLOYMENT_TARGET = 17.0;
				PRODUCT_BUNDLE_IDENTIFIER = com.moritzserrin.culinachef.tests;
				TEST_HOST = "$(BUILT_PRODUCTS_DIR)/CulinaChef.app/CulinaChef";
			};
			name = Debug;
		};
		3C4197C5711063FB935401E6 /* Release */ = {
			isa = XCBuildConfiguration;
			baseConfigurationReference = 4F800ACD7DA8C23D84AF197D /* Secrets.xcconfig */;
			buildSettings = {
				ASSETCATALOG_COMPILER_APPICON_NAME = AppIcon;
				CODE_SIGN_STYLE = Automatic;
				COPY_PHASE_STRIP = NO;
				DEBUG_INFORMATION_FORMAT = "dwarf-with-dsym";
				INFOPLIST_FILE = Sources/Info.plist;
				IPHONEOS_DEPLOYMENT_TARGET = 17.0;
				MARKETING_VERSION = 1.0.8;
				PRODUCT_BUNDLE_IDENTIFIER = com.moritzserrin.culinachef;
				PRODUCT_NAME = CulinaChef;
			};
			name = Release;
		};
		8C8C70C2ACD80822E2971508 /* Debug */ = {
			isa = XCBuildConfiguration;
			baseConfigurationReference = 4F800ACD7DA8C23D84AF197D /* Secrets.xcconfig */;
			buildSettings = {
				ASSETCATALOG_COMPILER_APPICON_NAME = AppIcon;
				CODE_SIGN_STYLE = Automatic;
				INFOPLIST_FILE = Sources/Info.plist;
				IPHONEOS_DEPLOYMENT_TARGET = 17.0;
				MARKETING_VERSION = 1.0.8;
				PRODUCT_BUNDLE_IDENTIFIER = com.moritzserrin.culinachef;
				PRODUCT_NAME = CulinaChef;
			};
			name = Debug;
		};
		995671E83993798E2682E4B0 /* Release */ = {
			isa = XCBuildConfiguration;
			buildSettings = {
				CODE_SIGN_STYLE = Automatic;
				GENERATE_INFOPLIST_FILE = YES;
				IPHONEOS_DEPLOYMENT_TARGET = 17.0;
				PRODUCT_BUNDLE_IDENTIFIER = com.moritzserrin.culinachef.tests;
				TEST_HOST = "$(BUILT_PRODUCTS_DIR)/CulinaChef.app/CulinaChef";
			};
			name = Release;
		};
		C7125859DAF8259A52535352 /* Debug */ = {
			isa = XCBuildConfiguration;
			buildSettings = {
				ALWAYS_SEARCH_USER_PATHS = NO;
				DEVELOPMENT_TEAM = 4Q33QP9G7Z;
				IPHONEOS_DEPLOYMENT_TARGET = 17.0;
				SDKROOT = iphoneos;
				SWIFT_VERSION = 5.9;
			};
			name = Debug;
		};
		FF683C9A7756139E39518D57 /* Release */ = {
			isa = XCBuildConfiguration;
			buildSettings = {
				ALWAYS_SEARCH_USER_PATHS = NO;
				DEVELOPMENT_TEAM = 4Q33QP9G7Z;
				IPHONEOS_DEPLOYMENT_TARGET = 17.0;
				SDKROOT = iphoneos;
				SWIFT_VERSION = 5.9;
			};
			name = Release;
		};
/* End XCBuildConfiguration section */

/* Begin XCConfigurationList section */
		445AAB622276403D41576C5E /* Build configuration list for PBXProject "CulinaChef" */ = {
			isa = XCConfigurationList;
			buildConfigurations = (
				C7125859DAF8259A52535352 /* Debug */,
				FF683C9A7756139E39518D57 /* Release */,
			);
			defaultConfigurationIsVisible = 0;
			defaultConfigurationName = Debug;
		};
		5B6AABAE9D3D4444A9138644 /* Build configuration list for PBXNativeTarget "CulinaChef" */ = {
			isa = XCConfigurationList;
			buildConfigurations = (
				8C8C70C2ACD80822E2971508 /* Debug */,
				3C4197C5711063FB935401E6 /* Release */,
			);
			defaultConfigurationIsVisible = 0;
			defaultConfigurationName = Debug;
		};
		75E5D6E17E48C95D73C9C07B /* Build configuration list for PBXNativeTarget "CulinaChefTests" */ = {
			isa = XCConfigurationList;
			buildConfigurations = (
				003C60998A35EB970217882B /* Debug */,
				995671E83993798E2682E4B0 /* Release */,
			);
			defaultConfigurationIsVisible = 0;
			defaultConfigurationName = Debug;
		};
/* End XCConfigurationList section */

/* Begin XCRemoteSwiftPackageReference section */
		F2FAE0E0B17E85EA26B7E1C2 /* XCRemoteSwiftPackageReference "sentry-cocoa" */ = {
			isa = XCRemoteSwiftPackageReference;
			repositoryURL = "https://github.com/getsentry/sentry-cocoa.git";
			requirement = {
				kind = upToNextMajorVersion;
				minimumVersion = 8.57.0;
			};
		};
/* End XCRemoteSwiftPackageReference section */

/* Begin XCSwiftPackageProductDependency section */
		EBA0CC23381C951E84A992D3 /* Sentry */ = {
			isa = XCSwiftPackageProductDependency;
			package = F2FAE0E0B17E85EA26B7E1C2 /* XCRemoteSwiftPackageReference "sentry-cocoa" */;
			productName = Sentry;
		};
/* End XCSwiftPackageProductDependency section */
	};
	rootObject = 4DF7A8FB47235C9D8D37D68C /* Project object */;
}
